{
  "name": "covid-bz",
  "version": "1.0.0",
  "lockfileVersion": 1,
  "requires": true,
  "dependencies": {
    "dayjs": {
      "version": "1.8.27",
      "resolved": "https://registry.npmjs.org/dayjs/-/dayjs-1.8.27.tgz",
      "integrity": "sha512-Jpa2acjWIeOkg8KURUHICk0EqnEFSSF5eMEscsOgyJ92ZukXwmpmRkPSUka7KHSfbj5eKH30ieosYip+ky9emQ=="
    },
    "node-fetch": {
      "version": "2.6.0",
      "resolved": "https://registry.npmjs.org/node-fetch/-/node-fetch-2.6.0.tgz",
      "integrity": "sha512-8dG4H5ujfvFiqDmVu9fQ5bOHUC15JMjMY/Zumv26oOvvVJjM67KF8koCWIabKQ1GJIa9r2mMZscBq/TbdOcmNA=="
    }
  }
}
